
Microsoft Visual Studio Solution File, Format Version 12.00
# Visual Studio Version 16
VisualStudioVersion = 16.0.30114.105
MinimumVisualStudioVersion = 10.0.40219.1
Project("{2150E333-8FDC-42A3-9474-1A3956D46DE8}") = "Services", "Services", "{0FF826DA-FFF3-4965-ADA5-365DF832DA68}"
EndProject
Project("{FAE04EC0-301F-11D3-BF4B-00C04F79EFBC}") = "ApiGateway", "Services\ApiGateway\ApiGateway.csproj", "{F11429BA-21F5-402D-BD1E-A2310FB2F481}"
EndProject
Project("{FAE04EC0-301F-11D3-BF4B-00C04F79EFBC}") = "Payment", "Services\Payment\Payment.csproj", "{D1FABE00-1145-4BF4-8527-D2E829260E22}"
EndProject
Project("{FAE04EC0-301F-11D3-BF4B-00C04F79EFBC}") = "Products", "Services\Products\Products.csproj", "{CDD4AEB6-62F8-4C6A-9AA0-AB32EFE7EA9B}"
EndProject
Project("{2150E333-8FDC-42A3-9474-1A3956D46DE8}") = "Domain", "Domain", "{2A594155-33FA-43B5-8C9E-CD03C68DDA2D}"
EndProject
Project("{FAE04EC0-301F-11D3-BF4B-00C04F79EFBC}") = "Domain.Payment", "Domain\Payment\Domain.Payment.csproj", "{4E3804C1-5155-417F-9CD2-53F1B7C02A37}"
EndProject
Project("{FAE04EC0-301F-11D3-BF4B-00C04F79EFBC}") = "Domain.Products", "Domain\Products\Domain.Products.csproj", "{81013C1E-E100-4F75-BA95-20BDCEA0287A}"
EndProject
Project("{2150E333-8FDC-42A3-9474-1A3956D46DE8}") = "Application", "Application", "{41C3E882-0025-4AC3-B026-54CF6467B751}"
EndProject
Project("{FAE04EC0-301F-11D3-BF4B-00C04F79EFBC}") = "Application.Payment", "Application\Payment\Application.Payment.csproj", "{FE03F87D-7984-4686-A6EB-7A9A5156BF8A}"
EndProject
Project("{FAE04EC0-301F-11D3-BF4B-00C04F79EFBC}") = "Application.Products", "Application\Products\Application.Products.csproj", "{38925FF7-EF71-40AA-9DB3-124A9BC589F6}"
EndProject
Project("{2150E333-8FDC-42A3-9474-1A3956D46DE8}") = "Infra", "Infra", "{FC9DC333-8512-43D1-BD25-216FFB965154}"
EndProject
Project("{FAE04EC0-301F-11D3-BF4B-00C04F79EFBC}") = "Infra.Payment", "Infra\Payment\Infra.Payment.csproj", "{6242A43E-5FF7-475C-8FC2-E4E2BD65A5E6}"
EndProject
Project("{FAE04EC0-301F-11D3-BF4B-00C04F79EFBC}") = "Infra.Products", "Infra\Products\Infra.Products.csproj", "{5373F3B2-CBC4-4934-8392-922E9B01A1DF}"
EndProject
Project("{FAE04EC0-301F-11D3-BF4B-00C04F79EFBC}") = "Domain.Order", "Domain\Order\Domain.Order.csproj", "{660B5A54-6F87-4204-8198-E29CE9525BDB}"
EndProject
Project("{FAE04EC0-301F-11D3-BF4B-00C04F79EFBC}") = "Order", "Services\Order\Order.csproj", "{56567990-924D-4DC9-8821-F58286BA2045}"
EndProject
Project("{FAE04EC0-301F-11D3-BF4B-00C04F79EFBC}") = "Application.Order", "Application\Order\Application.Order.csproj", "{1EC161D6-7EB8-41DE-A736-9A9807F67457}"
EndProject
Project("{FAE04EC0-301F-11D3-BF4B-00C04F79EFBC}") = "Infra.Order", "Infra\Order\Infra.Order.csproj", "{5721099B-CD60-479F-83F1-E934631B9A81}"
EndProject
Project("{FAE04EC0-301F-11D3-BF4B-00C04F79EFBC}") = "MessageBroker", "MessageBroker\MessageBroker.csproj", "{7176CC36-1113-46DF-A175-6F49C39E3E34}"
EndProject
Project("{2150E333-8FDC-42A3-9474-1A3956D46DE8}") = "IoC", "IoC", "{B7220CCE-637F-47AF-A84E-AE22014F6131}"
EndProject
Project("{FAE04EC0-301F-11D3-BF4B-00C04F79EFBC}") = "Infra.Ioc.Payment", "Infra\IoC\Infra.IoC.Payment\Infra.Ioc.Payment.csproj", "{9F0228E2-BE89-46F5-9D0B-3770AAE50653}"
EndProject
Project("{FAE04EC0-301F-11D3-BF4B-00C04F79EFBC}") = "Infra.Ioc.Order", "Infra\IoC\Infra.IoC.Order\Infra.Ioc.Order.csproj", "{021C75CB-BA68-4520-90CA-67A2A2631E7D}"
EndProject
Project("{FAE04EC0-301F-11D3-BF4B-00C04F79EFBC}") = "Infra.Ioc.Products", "Infra\IoC\Infra.IoC.Products\Infra.Ioc.Products.csproj", "{CD40F8B4-3F70-492C-98E3-6B705A86366C}"
EndProject
Global
	GlobalSection(SolutionConfigurationPlatforms) = preSolution
		Debug|Any CPU = Debug|Any CPU
		Release|Any CPU = Release|Any CPU
	EndGlobalSection
	GlobalSection(SolutionProperties) = preSolution
		HideSolutionNode = FALSE
	EndGlobalSection
	GlobalSection(ProjectConfigurationPlatforms) = postSolution
		{F11429BA-21F5-402D-BD1E-A2310FB2F481}.Debug|Any CPU.ActiveCfg = Debug|Any CPU
		{F11429BA-21F5-402D-BD1E-A2310FB2F481}.Debug|Any CPU.Build.0 = Debug|Any CPU
		{F11429BA-21F5-402D-BD1E-A2310FB2F481}.Release|Any CPU.ActiveCfg = Release|Any CPU
		{F11429BA-21F5-402D-BD1E-A2310FB2F481}.Release|Any CPU.Build.0 = Release|Any CPU
		{D1FABE00-1145-4BF4-8527-D2E829260E22}.Debug|Any CPU.ActiveCfg = Debug|Any CPU
		{D1FABE00-1145-4BF4-8527-D2E829260E22}.Debug|Any CPU.Build.0 = Debug|Any CPU
		{D1FABE00-1145-4BF4-8527-D2E829260E22}.Release|Any CPU.ActiveCfg = Release|Any CPU
		{D1FABE00-1145-4BF4-8527-D2E829260E22}.Release|Any CPU.Build.0 = Release|Any CPU
		{CDD4AEB6-62F8-4C6A-9AA0-AB32EFE7EA9B}.Debug|Any CPU.ActiveCfg = Debug|Any CPU
		{CDD4AEB6-62F8-4C6A-9AA0-AB32EFE7EA9B}.Debug|Any CPU.Build.0 = Debug|Any CPU
		{CDD4AEB6-62F8-4C6A-9AA0-AB32EFE7EA9B}.Release|Any CPU.ActiveCfg = Release|Any CPU
		{CDD4AEB6-62F8-4C6A-9AA0-AB32EFE7EA9B}.Release|Any CPU.Build.0 = Release|Any CPU
		{4E3804C1-5155-417F-9CD2-53F1B7C02A37}.Debug|Any CPU.ActiveCfg = Debug|Any CPU
		{4E3804C1-5155-417F-9CD2-53F1B7C02A37}.Debug|Any CPU.Build.0 = Debug|Any CPU
		{4E3804C1-5155-417F-9CD2-53F1B7C02A37}.Release|Any CPU.ActiveCfg = Release|Any CPU
		{4E3804C1-5155-417F-9CD2-53F1B7C02A37}.Release|Any CPU.Build.0 = Release|Any CPU
		{81013C1E-E100-4F75-BA95-20BDCEA0287A}.Debug|Any CPU.ActiveCfg = Debug|Any CPU
		{81013C1E-E100-4F75-BA95-20BDCEA0287A}.Debug|Any CPU.Build.0 = Debug|Any CPU
		{81013C1E-E100-4F75-BA95-20BDCEA0287A}.Release|Any CPU.ActiveCfg = Release|Any CPU
		{81013C1E-E100-4F75-BA95-20BDCEA0287A}.Release|Any CPU.Build.0 = Release|Any CPU
		{FE03F87D-7984-4686-A6EB-7A9A5156BF8A}.Debug|Any CPU.ActiveCfg = Debug|Any CPU
		{FE03F87D-7984-4686-A6EB-7A9A5156BF8A}.Debug|Any CPU.Build.0 = Debug|Any CPU
		{FE03F87D-7984-4686-A6EB-7A9A5156BF8A}.Release|Any CPU.ActiveCfg = Release|Any CPU
		{FE03F87D-7984-4686-A6EB-7A9A5156BF8A}.Release|Any CPU.Build.0 = Release|Any CPU
		{38925FF7-EF71-40AA-9DB3-124A9BC589F6}.Debug|Any CPU.ActiveCfg = Debug|Any CPU
		{38925FF7-EF71-40AA-9DB3-124A9BC589F6}.Debug|Any CPU.Build.0 = Debug|Any CPU
		{38925FF7-EF71-40AA-9DB3-124A9BC589F6}.Release|Any CPU.ActiveCfg = Release|Any CPU
		{38925FF7-EF71-40AA-9DB3-124A9BC589F6}.Release|Any CPU.Build.0 = Release|Any CPU
		{6242A43E-5FF7-475C-8FC2-E4E2BD65A5E6}.Debug|Any CPU.ActiveCfg = Debug|Any CPU
		{6242A43E-5FF7-475C-8FC2-E4E2BD65A5E6}.Debug|Any CPU.Build.0 = Debug|Any CPU
		{6242A43E-5FF7-475C-8FC2-E4E2BD65A5E6}.Release|Any CPU.ActiveCfg = Release|Any CPU
		{6242A43E-5FF7-475C-8FC2-E4E2BD65A5E6}.Release|Any CPU.Build.0 = Release|Any CPU
		{5373F3B2-CBC4-4934-8392-922E9B01A1DF}.Debug|Any CPU.ActiveCfg = Debug|Any CPU
		{5373F3B2-CBC4-4934-8392-922E9B01A1DF}.Debug|Any CPU.Build.0 = Debug|Any CPU
		{5373F3B2-CBC4-4934-8392-922E9B01A1DF}.Release|Any CPU.ActiveCfg = Release|Any CPU
		{5373F3B2-CBC4-4934-8392-922E9B01A1DF}.Release|Any CPU.Build.0 = Release|Any CPU
		{660B5A54-6F87-4204-8198-E29CE9525BDB}.Debug|Any CPU.ActiveCfg = Debug|Any CPU
		{660B5A54-6F87-4204-8198-E29CE9525BDB}.Debug|Any CPU.Build.0 = Debug|Any CPU
		{660B5A54-6F87-4204-8198-E29CE9525BDB}.Release|Any CPU.ActiveCfg = Release|Any CPU
		{660B5A54-6F87-4204-8198-E29CE9525BDB}.Release|Any CPU.Build.0 = Release|Any CPU
		{56567990-924D-4DC9-8821-F58286BA2045}.Debug|Any CPU.ActiveCfg = Debug|Any CPU
		{56567990-924D-4DC9-8821-F58286BA2045}.Debug|Any CPU.Build.0 = Debug|Any CPU
		{56567990-924D-4DC9-8821-F58286BA2045}.Release|Any CPU.ActiveCfg = Release|Any CPU
		{56567990-924D-4DC9-8821-F58286BA2045}.Release|Any CPU.Build.0 = Release|Any CPU
		{1EC161D6-7EB8-41DE-A736-9A9807F67457}.Debug|Any CPU.ActiveCfg = Debug|Any CPU
		{1EC161D6-7EB8-41DE-A736-9A9807F67457}.Debug|Any CPU.Build.0 = Debug|Any CPU
		{1EC161D6-7EB8-41DE-A736-9A9807F67457}.Release|Any CPU.ActiveCfg = Release|Any CPU
		{1EC161D6-7EB8-41DE-A736-9A9807F67457}.Release|Any CPU.Build.0 = Release|Any CPU
		{5721099B-CD60-479F-83F1-E934631B9A81}.Debug|Any CPU.ActiveCfg = Debug|Any CPU
		{5721099B-CD60-479F-83F1-E934631B9A81}.Debug|Any CPU.Build.0 = Debug|Any CPU
		{5721099B-CD60-479F-83F1-E934631B9A81}.Release|Any CPU.ActiveCfg = Release|Any CPU
		{5721099B-CD60-479F-83F1-E934631B9A81}.Release|Any CPU.Build.0 = Release|Any CPU
		{7176CC36-1113-46DF-A175-6F49C39E3E34}.Debug|Any CPU.ActiveCfg = Debug|Any CPU
		{7176CC36-1113-46DF-A175-6F49C39E3E34}.Debug|Any CPU.Build.0 = Debug|Any CPU
		{7176CC36-1113-46DF-A175-6F49C39E3E34}.Release|Any CPU.ActiveCfg = Release|Any CPU
		{7176CC36-1113-46DF-A175-6F49C39E3E34}.Release|Any CPU.Build.0 = Release|Any CPU
		{9F0228E2-BE89-46F5-9D0B-3770AAE50653}.Debug|Any CPU.ActiveCfg = Debug|Any CPU
		{9F0228E2-BE89-46F5-9D0B-3770AAE50653}.Debug|Any CPU.Build.0 = Debug|Any CPU
		{9F0228E2-BE89-46F5-9D0B-3770AAE50653}.Release|Any CPU.ActiveCfg = Release|Any CPU
		{9F0228E2-BE89-46F5-9D0B-3770AAE50653}.Release|Any CPU.Build.0 = Release|Any CPU
		{021C75CB-BA68-4520-90CA-67A2A2631E7D}.Debug|Any CPU.ActiveCfg = Debug|Any CPU
		{021C75CB-BA68-4520-90CA-67A2A2631E7D}.Debug|Any CPU.Build.0 = Debug|Any CPU
		{021C75CB-BA68-4520-90CA-67A2A2631E7D}.Release|Any CPU.ActiveCfg = Release|Any CPU
		{021C75CB-BA68-4520-90CA-67A2A2631E7D}.Release|Any CPU.Build.0 = Release|Any CPU
		{CD40F8B4-3F70-492C-98E3-6B705A86366C}.Debug|Any CPU.ActiveCfg = Debug|Any CPU
		{CD40F8B4-3F70-492C-98E3-6B705A86366C}.Debug|Any CPU.Build.0 = Debug|Any CPU
		{CD40F8B4-3F70-492C-98E3-6B705A86366C}.Release|Any CPU.ActiveCfg = Release|Any CPU
		{CD40F8B4-3F70-492C-98E3-6B705A86366C}.Release|Any CPU.Build.0 = Release|Any CPU
	EndGlobalSection
	GlobalSection(NestedProjects) = preSolution
		{F11429BA-21F5-402D-BD1E-A2310FB2F481} = {0FF826DA-FFF3-4965-ADA5-365DF832DA68}
		{D1FABE00-1145-4BF4-8527-D2E829260E22} = {0FF826DA-FFF3-4965-ADA5-365DF832DA68}
		{CDD4AEB6-62F8-4C6A-9AA0-AB32EFE7EA9B} = {0FF826DA-FFF3-4965-ADA5-365DF832DA68}
		{4E3804C1-5155-417F-9CD2-53F1B7C02A37} = {2A594155-33FA-43B5-8C9E-CD03C68DDA2D}
		{81013C1E-E100-4F75-BA95-20BDCEA0287A} = {2A594155-33FA-43B5-8C9E-CD03C68DDA2D}
		{FE03F87D-7984-4686-A6EB-7A9A5156BF8A} = {41C3E882-0025-4AC3-B026-54CF6467B751}
		{38925FF7-EF71-40AA-9DB3-124A9BC589F6} = {41C3E882-0025-4AC3-B026-54CF6467B751}
		{6242A43E-5FF7-475C-8FC2-E4E2BD65A5E6} = {FC9DC333-8512-43D1-BD25-216FFB965154}
		{5373F3B2-CBC4-4934-8392-922E9B01A1DF} = {FC9DC333-8512-43D1-BD25-216FFB965154}
		{660B5A54-6F87-4204-8198-E29CE9525BDB} = {2A594155-33FA-43B5-8C9E-CD03C68DDA2D}
		{56567990-924D-4DC9-8821-F58286BA2045} = {0FF826DA-FFF3-4965-ADA5-365DF832DA68}
		{1EC161D6-7EB8-41DE-A736-9A9807F67457} = {41C3E882-0025-4AC3-B026-54CF6467B751}
		{5721099B-CD60-479F-83F1-E934631B9A81} = {FC9DC333-8512-43D1-BD25-216FFB965154}
		{B7220CCE-637F-47AF-A84E-AE22014F6131} = {FC9DC333-8512-43D1-BD25-216FFB965154}
		{9F0228E2-BE89-46F5-9D0B-3770AAE50653} = {B7220CCE-637F-47AF-A84E-AE22014F6131}
		{021C75CB-BA68-4520-90CA-67A2A2631E7D} = {B7220CCE-637F-47AF-A84E-AE22014F6131}
		{CD40F8B4-3F70-492C-98E3-6B705A86366C} = {B7220CCE-637F-47AF-A84E-AE22014F6131}
	EndGlobalSection
EndGlobal
